
Microsoft Visual Studio Solution File, Format Version 12.00
# Visual Studio Version 17
VisualStudioVersion = 17.6.33815.320
MinimumVisualStudioVersion = 10.0.40219.1
Project("{FAE04EC0-301F-11D3-BF4B-00C04F79EFBC}") = "ConAppAssignment-14", "ConAppAssignment-14.csproj", "{4131DA5D-F611-41AC-BA82-94E68B5ECFBA}"
EndProject
Global
	GlobalSection(SolutionConfigurationPlatforms) = preSolution
		Debug|Any CPU = Debug|Any CPU
		Release|Any CPU = Release|Any CPU
	EndGlobalSection
	GlobalSection(ProjectConfigurationPlatforms) = postSolution
		{4131DA5D-F611-41AC-BA82-94E68B5ECFBA}.Debug|Any CPU.ActiveCfg = Debug|Any CPU
		{4131DA5D-F611-41AC-BA82-94E68B5ECFBA}.Debug|Any CPU.Build.0 = Debug|Any CPU
		{4131DA5D-F611-41AC-BA82-94E68B5ECFBA}.Release|Any CPU.ActiveCfg = Release|Any CPU
		{4131DA5D-F611-41AC-BA82-94E68B5ECFBA}.Release|Any CPU.Build.0 = Release|Any CPU
	EndGlobalSection
	GlobalSection(SolutionProperties) = preSolution
		HideSolutionNode = FALSE
	EndGlobalSection
	GlobalSection(ExtensibilityGlobals) = postSolution
		SolutionGuid = {F05D9419-1AAE-4243-B536-B762E26D4FFF}
	EndGlobalSection
EndGlobal
